
Microsoft Visual Studio Solution File, Format Version 12.00
# Visual Studio Version 17
VisualStudioVersion = 17.14.36221.1 d17.14
MinimumVisualStudioVersion = 10.0.40219.1
Project("{FAE04EC0-301F-11D3-BF4B-00C04F79EFBC}") = "GestionViajes.Shared", "GestionViajes.Shared\GestionViajes.Shared.csproj", "{35BF18B1-A602-4B17-B94C-ED13E9B83771}"
EndProject
Project("{FAE04EC0-301F-11D3-BF4B-00C04F79EFBC}") = "GestionViajes.API", "GestionViajes.API\GestionViajes.API.csproj", "{8F9A1376-8B8E-454B-9542-B2B7295ACE82}"
EndProject
Global
	GlobalSection(SolutionConfigurationPlatforms) = preSolution
		Debug|Any CPU = Debug|Any CPU
		Release|Any CPU = Release|Any CPU
	EndGlobalSection
	GlobalSection(ProjectConfigurationPlatforms) = postSolution
		{35BF18B1-A602-4B17-B94C-ED13E9B83771}.Debug|Any CPU.ActiveCfg = Debug|Any CPU
		{35BF18B1-A602-4B17-B94C-ED13E9B83771}.Debug|Any CPU.Build.0 = Debug|Any CPU
		{35BF18B1-A602-4B17-B94C-ED13E9B83771}.Release|Any CPU.ActiveCfg = Release|Any CPU
		{35BF18B1-A602-4B17-B94C-ED13E9B83771}.Release|Any CPU.Build.0 = Release|Any CPU
		{8F9A1376-8B8E-454B-9542-B2B7295ACE82}.Debug|Any CPU.ActiveCfg = Debug|Any CPU
		{8F9A1376-8B8E-454B-9542-B2B7295ACE82}.Debug|Any CPU.Build.0 = Debug|Any CPU
		{8F9A1376-8B8E-454B-9542-B2B7295ACE82}.Release|Any CPU.ActiveCfg = Release|Any CPU
		{8F9A1376-8B8E-454B-9542-B2B7295ACE82}.Release|Any CPU.Build.0 = Release|Any CPU
	EndGlobalSection
	GlobalSection(SolutionProperties) = preSolution
		HideSolutionNode = FALSE
	EndGlobalSection
	GlobalSection(ExtensibilityGlobals) = postSolution
		SolutionGuid = {7F7EBCA2-D101-4700-AF5D-659D1FABD2ED}
	EndGlobalSection
EndGlobal
